
Microsoft Visual Studio Solution File, Format Version 12.00
# Visual Studio Version 17
VisualStudioVersion = 17.0.32014.148
MinimumVisualStudioVersion = 10.0.40219.1
Project("{FAE04EC0-301F-11D3-BF4B-00C04F79EFBC}") = "CommService", "CommService.csproj", "{103F6B7F-754D-416F-AC8B-94406D2EB763}"
EndProject
Project("{2150E333-8FDC-42A3-9474-1A3956D46DE8}") = "Solution Items", "Solution Items", "{FB342981-04D7-4CA4-B74A-70D81D6BACB3}"
	ProjectSection(SolutionItems) = preProject
		.gitignore = .gitignore
		README.md = README.md
	EndProjectSection
EndProject
Global
	GlobalSection(SolutionConfigurationPlatforms) = preSolution
		Debug|Any CPU = Debug|Any CPU
		Release|Any CPU = Release|Any CPU
	EndGlobalSection
	GlobalSection(ProjectConfigurationPlatforms) = postSolution
		{103F6B7F-754D-416F-AC8B-94406D2EB763}.Debug|Any CPU.ActiveCfg = Debug|Any CPU
		{103F6B7F-754D-416F-AC8B-94406D2EB763}.Debug|Any CPU.Build.0 = Debug|Any CPU
		{103F6B7F-754D-416F-AC8B-94406D2EB763}.Release|Any CPU.ActiveCfg = Release|Any CPU
		{103F6B7F-754D-416F-AC8B-94406D2EB763}.Release|Any CPU.Build.0 = Release|Any CPU
	EndGlobalSection
	GlobalSection(SolutionProperties) = preSolution
		HideSolutionNode = FALSE
	EndGlobalSection
	GlobalSection(ExtensibilityGlobals) = postSolution
		SolutionGuid = {6F56E947-CAC7-4D0F-B5A3-D6718338ED58}
	EndGlobalSection
EndGlobal
